
Microsoft Visual Studio Solution File, Format Version 12.00
# Visual Studio Version 17
VisualStudioVersion = 17.3.32825.248
MinimumVisualStudioVersion = 10.0.40219.1
Project("{FAE04EC0-301F-11D3-BF4B-00C04F79EFBC}") = "assignment8", "assignment8\assignment8.csproj", "{63693D87-5E46-4AB8-B043-3BCCBEDC604F}"
EndProject
Global
	GlobalSection(SolutionConfigurationPlatforms) = preSolution
		Debug|Any CPU = Debug|Any CPU
		Release|Any CPU = Release|Any CPU
	EndGlobalSection
	GlobalSection(ProjectConfigurationPlatforms) = postSolution
		{63693D87-5E46-4AB8-B043-3BCCBEDC604F}.Debug|Any CPU.ActiveCfg = Debug|Any CPU
		{63693D87-5E46-4AB8-B043-3BCCBEDC604F}.Debug|Any CPU.Build.0 = Debug|Any CPU
		{63693D87-5E46-4AB8-B043-3BCCBEDC604F}.Release|Any CPU.ActiveCfg = Release|Any CPU
		{63693D87-5E46-4AB8-B043-3BCCBEDC604F}.Release|Any CPU.Build.0 = Release|Any CPU
	EndGlobalSection
	GlobalSection(SolutionProperties) = preSolution
		HideSolutionNode = FALSE
	EndGlobalSection
	GlobalSection(ExtensibilityGlobals) = postSolution
		SolutionGuid = {1B8F9CDE-EFA6-4E7E-A597-4E254A4B138F}
	EndGlobalSection
EndGlobal
